{
  "lockfile_version": "1",
  "packages": {
    "act@latest": {
      "last_modified": "2026-05-03T08:31:49Z",
      "resolved": "github:NixOS/nixpkgs/90c100cb48d61a0316b9479bb03f1be36d34b92a#act",
      "source": "devbox-search",
      "version": "0.2.88",
      "systems": {
        "aarch64-darwin": {
          "outputs": [
            {
              "name": "out",
              "path": "/nix/store/6v825dkzdphj1rachx9lbcz87v6b2602-act-0.2.88",
              "default": true
            }
          ],
          "store_path": "/nix/store/6v825dkzdphj1rachx9lbcz87v6b2602-act-0.2.88"
        },
        "aarch64-linux": {
          "outputs": [
            {
              "name": "out",
              "path": "/nix/store/zrn5v1jzhsird0n8aixxs4nlzh6nii2c-act-0.2.88",
              "default": true
            }
          ],
          "store_path": "/nix/store/zrn5v1jzhsird0n8aixxs4nlzh6nii2c-act-0.2.88"
        },
        "x86_64-darwin": {
          "outputs": [
            {
              "name": "out",
              "path": "/nix/store/30yg4wx0844b1rbbk0sbhhh8s73ikayc-act-0.2.88",
              "default": true
            }
          ],
          "store_path": "/nix/store/30yg4wx0844b1rbbk0sbhhh8s73ikayc-act-0.2.88"
        },
        "x86_64-linux": {
          "outputs": [
            {
              "name": "out",
              "path": "/nix/store/nra846ylpv636vmxyzlkli6w8zzfagc9-act-0.2.88",
              "default": true
            }
          ],
          "store_path": "/nix/store/nra846ylpv636vmxyzlkli6w8zzfagc9-act-0.2.88"
        }
      }
    },
    "github:NixOS/nixpkgs/nixpkgs-unstable": {
      "last_modified": "2026-05-15T18:21:44Z",
      "resolved": "github:NixOS/nixpkgs/d233902339c02a9c334e7e593de68855ad26c4cb?lastModified=1778869304&narHash=sha256-30sZNZoA1cqF5JNO9fVX%2BwgiQYjB7HJqqJ4ztCDeBZE%3D"
    }
  }
}
